
Microsoft Visual Studio Solution File, Format Version 12.00
# Visual Studio 14
VisualStudioVersion = 14.0.25420.1
MinimumVisualStudioVersion = 10.0.40219.1
Project("{8BC9CEB8-8B4A-11D0-8D11-00A0C91BC942}") = "GWToolBoxCn", "GWToolBoxCn.vcxproj", "{75CF21C9-CE28-4CCC-8487-40018E464BA8}"
EndProject
Project("{8BC9CEB8-8B4A-11D0-8D11-00A0C91BC942}") = "GWCA", "Dependencies\GWCA\vc\GWCA.vcxproj", "{B3359F05-68CF-4E7F-B9D6-D106F6D48A38}"
EndProject
Project("{8BC9CEB8-8B4A-11D0-8D11-00A0C91BC942}") = "MinHook", "Dependencies\GWCA\vc\MinHook.vcxproj", "{AC820BBA-BB5B-4D8C-96FF-EA8138CEED52}"
EndProject
Global
	GlobalSection(SolutionConfigurationPlatforms) = preSolution
		Debug|x64 = Debug|x64
		Debug|x86 = Debug|x86
		Release|x64 = Release|x64
		Release|x86 = Release|x86
	EndGlobalSection
	GlobalSection(ProjectConfigurationPlatforms) = postSolution
		{75CF21C9-CE28-4CCC-8487-40018E464BA8}.Debug|x64.ActiveCfg = Debug|x64
		{75CF21C9-CE28-4CCC-8487-40018E464BA8}.Debug|x64.Build.0 = Debug|x64
		{75CF21C9-CE28-4CCC-8487-40018E464BA8}.Debug|x86.ActiveCfg = Debug|Win32
		{75CF21C9-CE28-4CCC-8487-40018E464BA8}.Debug|x86.Build.0 = Debug|Win32
		{75CF21C9-CE28-4CCC-8487-40018E464BA8}.Release|x64.ActiveCfg = Release|x64
		{75CF21C9-CE28-4CCC-8487-40018E464BA8}.Release|x64.Build.0 = Release|x64
		{75CF21C9-CE28-4CCC-8487-40018E464BA8}.Release|x86.ActiveCfg = Release|Win32
		{75CF21C9-CE28-4CCC-8487-40018E464BA8}.Release|x86.Build.0 = Release|Win32
		{B3359F05-68CF-4E7F-B9D6-D106F6D48A38}.Debug|x64.ActiveCfg = Debug|Win32
		{B3359F05-68CF-4E7F-B9D6-D106F6D48A38}.Debug|x86.ActiveCfg = Debug|Win32
		{B3359F05-68CF-4E7F-B9D6-D106F6D48A38}.Debug|x86.Build.0 = Debug|Win32
		{B3359F05-68CF-4E7F-B9D6-D106F6D48A38}.Release|x64.ActiveCfg = Release|Win32
		{B3359F05-68CF-4E7F-B9D6-D106F6D48A38}.Release|x86.ActiveCfg = Release|Win32
		{B3359F05-68CF-4E7F-B9D6-D106F6D48A38}.Release|x86.Build.0 = Release|Win32
		{AC820BBA-BB5B-4D8C-96FF-EA8138CEED52}.Debug|x64.ActiveCfg = Debug|Win32
		{AC820BBA-BB5B-4D8C-96FF-EA8138CEED52}.Debug|x86.ActiveCfg = Debug|Win32
		{AC820BBA-BB5B-4D8C-96FF-EA8138CEED52}.Debug|x86.Build.0 = Debug|Win32
		{AC820BBA-BB5B-4D8C-96FF-EA8138CEED52}.Release|x64.ActiveCfg = Release|Win32
		{AC820BBA-BB5B-4D8C-96FF-EA8138CEED52}.Release|x86.ActiveCfg = Release|Win32
		{AC820BBA-BB5B-4D8C-96FF-EA8138CEED52}.Release|x86.Build.0 = Release|Win32
	EndGlobalSection
	GlobalSection(SolutionProperties) = preSolution
		HideSolutionNode = FALSE
	EndGlobalSection
EndGlobal
